
Microsoft Visual Studio Solution File, Format Version 12.00
# Visual Studio Version 17
VisualStudioVersion = 17.0.31919.166
MinimumVisualStudioVersion = 10.0.40219.1
Project("{9A19103F-16F7-4668-BE54-9A1E7A4F7556}") = "API", "API\API.csproj", "{64BCC531-6F80-4687-B7BA-2E5D37B556B5}"
EndProject
Project("{9A19103F-16F7-4668-BE54-9A1E7A4F7556}") = "DashboardUI", "DashboardUI\DashboardUI.csproj", "{A7D4BA54-C2F0-423B-A560-92C49D59F162}"
EndProject
Project("{9A19103F-16F7-4668-BE54-9A1E7A4F7556}") = "MVC", "MVC\MVC.csproj", "{9D1DA500-4613-4140-A3F9-F664713185C9}"
EndProject
Project("{9A19103F-16F7-4668-BE54-9A1E7A4F7556}") = "WorkerService", "WorkerService\WorkerService.csproj", "{EE83BF73-090B-4965-BE8E-DEAA287178E9}"
EndProject
Project("{E53339B2-1760-4266-BCC7-CA923CBCF16C}") = "docker-compose", "docker-compose.dcproj", "{A7524309-0C51-4ED9-95B1-0FEB975791FF}"
EndProject
Global
	GlobalSection(SolutionConfigurationPlatforms) = preSolution
		Debug|Any CPU = Debug|Any CPU
		Release|Any CPU = Release|Any CPU
	EndGlobalSection
	GlobalSection(ProjectConfigurationPlatforms) = postSolution
		{64BCC531-6F80-4687-B7BA-2E5D37B556B5}.Debug|Any CPU.ActiveCfg = Debug|Any CPU
		{64BCC531-6F80-4687-B7BA-2E5D37B556B5}.Debug|Any CPU.Build.0 = Debug|Any CPU
		{64BCC531-6F80-4687-B7BA-2E5D37B556B5}.Release|Any CPU.ActiveCfg = Release|Any CPU
		{64BCC531-6F80-4687-B7BA-2E5D37B556B5}.Release|Any CPU.Build.0 = Release|Any CPU
		{A7D4BA54-C2F0-423B-A560-92C49D59F162}.Debug|Any CPU.ActiveCfg = Debug|Any CPU
		{A7D4BA54-C2F0-423B-A560-92C49D59F162}.Debug|Any CPU.Build.0 = Debug|Any CPU
		{A7D4BA54-C2F0-423B-A560-92C49D59F162}.Release|Any CPU.ActiveCfg = Release|Any CPU
		{A7D4BA54-C2F0-423B-A560-92C49D59F162}.Release|Any CPU.Build.0 = Release|Any CPU
		{9D1DA500-4613-4140-A3F9-F664713185C9}.Debug|Any CPU.ActiveCfg = Debug|Any CPU
		{9D1DA500-4613-4140-A3F9-F664713185C9}.Debug|Any CPU.Build.0 = Debug|Any CPU
		{9D1DA500-4613-4140-A3F9-F664713185C9}.Release|Any CPU.ActiveCfg = Release|Any CPU
		{9D1DA500-4613-4140-A3F9-F664713185C9}.Release|Any CPU.Build.0 = Release|Any CPU
		{EE83BF73-090B-4965-BE8E-DEAA287178E9}.Debug|Any CPU.ActiveCfg = Debug|Any CPU
		{EE83BF73-090B-4965-BE8E-DEAA287178E9}.Debug|Any CPU.Build.0 = Debug|Any CPU
		{EE83BF73-090B-4965-BE8E-DEAA287178E9}.Release|Any CPU.ActiveCfg = Release|Any CPU
		{EE83BF73-090B-4965-BE8E-DEAA287178E9}.Release|Any CPU.Build.0 = Release|Any CPU
		{A7524309-0C51-4ED9-95B1-0FEB975791FF}.Debug|Any CPU.ActiveCfg = Debug|Any CPU
		{A7524309-0C51-4ED9-95B1-0FEB975791FF}.Debug|Any CPU.Build.0 = Debug|Any CPU
		{A7524309-0C51-4ED9-95B1-0FEB975791FF}.Release|Any CPU.ActiveCfg = Release|Any CPU
		{A7524309-0C51-4ED9-95B1-0FEB975791FF}.Release|Any CPU.Build.0 = Release|Any CPU
	EndGlobalSection
	GlobalSection(SolutionProperties) = preSolution
		HideSolutionNode = FALSE
	EndGlobalSection
	GlobalSection(ExtensibilityGlobals) = postSolution
		SolutionGuid = {62CB7112-33E0-413A-BA8E-0709D38CF0F1}
	EndGlobalSection
EndGlobal
